
Microsoft Visual Studio Solution File, Format Version 12.00
# Visual Studio Version 17
VisualStudioVersion = 17.8.34330.188
MinimumVisualStudioVersion = 10.0.40219.1
Project("{9A19103F-16F7-4668-BE54-9A1E7A4F7556}") = "28", "28\28.csproj", "{0616C4E3-71E3-4F2C-AF34-E2C8A7DA57B6}"
EndProject
Project("{9A19103F-16F7-4668-BE54-9A1E7A4F7556}") = "36", "34\36.csproj", "{6C2E93DF-445C-4472-A80B-6384FA071C9F}"
EndProject
Project("{9A19103F-16F7-4668-BE54-9A1E7A4F7556}") = "41--", "41--\41--.csproj", "{6DA67C3A-2E25-44B9-8C2D-EA3349DE8A10}"
EndProject
Project("{9A19103F-16F7-4668-BE54-9A1E7A4F7556}") = "42", "42\42.csproj", "{68517746-9E2F-47B0-BDFB-8CCC75890ECF}"
EndProject
Project("{9A19103F-16F7-4668-BE54-9A1E7A4F7556}") = "56", "56\56.csproj", "{0A13F67E-76E6-4A53-A4D8-A354A25082BA}"
EndProject
Project("{9A19103F-16F7-4668-BE54-9A1E7A4F7556}") = "57", "57\57.csproj", "{906CCABD-C25A-4375-896A-D9A0F82BFD2D}"
EndProject
Project("{9A19103F-16F7-4668-BE54-9A1E7A4F7556}") = "58", "58\58.csproj", "{09675A58-FBC0-4070-BAD7-D0CB7BA2E911}"
EndProject
Project("{9A19103F-16F7-4668-BE54-9A1E7A4F7556}") = "60", "60\60.csproj", "{09140891-A857-4D48-AA51-FB07FA7CF2E8}"
EndProject
Project("{9A19103F-16F7-4668-BE54-9A1E7A4F7556}") = "61", "61\61.csproj", "{1A5B6183-1081-4E60-AE81-675AB4052DBF}"
EndProject
Project("{9A19103F-16F7-4668-BE54-9A1E7A4F7556}") = "62", "62\62.csproj", "{B0241B94-80F9-4B0C-87EF-D374F07AEFC1}"
EndProject
Project("{9A19103F-16F7-4668-BE54-9A1E7A4F7556}") = "63", "63\63.csproj", "{CBF79D74-8D2B-4171-A32E-E2314911470E}"
EndProject
Project("{9A19103F-16F7-4668-BE54-9A1E7A4F7556}") = "75", "75\75.csproj", "{D9B048E1-B52F-48DE-86D4-61EC434F6F56}"
EndProject
Project("{9A19103F-16F7-4668-BE54-9A1E7A4F7556}") = "--76", "--76\--76.csproj", "{97896BF7-3223-44D2-9683-E487BC840AFB}"
EndProject
Project("{9A19103F-16F7-4668-BE54-9A1E7A4F7556}") = "77", "77\77.csproj", "{50838412-9378-49B6-8EFA-FE6BDE81A1DB}"
EndProject
Project("{9A19103F-16F7-4668-BE54-9A1E7A4F7556}") = "78", "78\78.csproj", "{E92282CA-33EC-426A-A23B-D02621E35DA9}"
EndProject
Project("{9A19103F-16F7-4668-BE54-9A1E7A4F7556}") = "80", "80\80.csproj", "{6A6A6C35-0900-45C4-A3E7-1A70FAAC4619}"
EndProject
Project("{9A19103F-16F7-4668-BE54-9A1E7A4F7556}") = "81", "81\81.csproj", "{8258D8F6-E2E4-4049-B759-CCBAC4079EE8}"
EndProject
Project("{9A19103F-16F7-4668-BE54-9A1E7A4F7556}") = "82", "82\82.csproj", "{6B01188D-B815-4E9A-84FC-B64D05963542}"
EndProject
Project("{9A19103F-16F7-4668-BE54-9A1E7A4F7556}") = "84", "84\84.csproj", "{54228EC0-ACA5-4927-998A-21DE5F64C86D}"
EndProject
Project("{9A19103F-16F7-4668-BE54-9A1E7A4F7556}") = "85", "85\85.csproj", "{CB385485-39E1-4F83-B208-8F1CB0D63623}"
EndProject
Project("{9A19103F-16F7-4668-BE54-9A1E7A4F7556}") = "86", "86\86.csproj", "{13E304F4-840C-4A71-ACD9-3E3EEC1F3DB5}"
EndProject
Project("{9A19103F-16F7-4668-BE54-9A1E7A4F7556}") = "87", "87\87.csproj", "{838E8D20-C9A8-4210-B971-4E782A05F578}"
EndProject
Project("{9A19103F-16F7-4668-BE54-9A1E7A4F7556}") = "101", "101\101.csproj", "{8528A74A-8AFB-4ADA-B00E-1457C16671A4}"
EndProject
Project("{9A19103F-16F7-4668-BE54-9A1E7A4F7556}") = "102", "102\102.csproj", "{8A3C15E7-24D2-4B17-A2DD-0CE013326EBC}"
EndProject
Project("{9A19103F-16F7-4668-BE54-9A1E7A4F7556}") = "103", "103\103.csproj", "{F99186F3-FD66-40E8-9785-E818702E185B}"
EndProject
Project("{9A19103F-16F7-4668-BE54-9A1E7A4F7556}") = "104", "104\104.csproj", "{E799656E-9F7F-4EE7-994B-3BC961E36B9B}"
EndProject
Project("{9A19103F-16F7-4668-BE54-9A1E7A4F7556}") = "106", "106\106.csproj", "{1F9F4B5E-692F-4881-B199-EA3259207B98}"
EndProject
Project("{9A19103F-16F7-4668-BE54-9A1E7A4F7556}") = "107", "107\107.csproj", "{54144C47-6C25-4D86-8477-34563AA4762B}"
EndProject
Project("{9A19103F-16F7-4668-BE54-9A1E7A4F7556}") = "108", "108\108.csproj", "{934DBC94-D0FA-457C-A0E3-C8B4668CE253}"
EndProject
Project("{9A19103F-16F7-4668-BE54-9A1E7A4F7556}") = "109", "109\109.csproj", "{EF17EE99-65E7-4B7B-9598-69259395BEEA}"
EndProject
Project("{9A19103F-16F7-4668-BE54-9A1E7A4F7556}") = "111", "111\111.csproj", "{B29254DA-B3C4-49D1-BA37-D7455EBE0DAE}"
EndProject
Project("{9A19103F-16F7-4668-BE54-9A1E7A4F7556}") = "112", "112\112.csproj", "{D5D7AA8F-2710-4F33-AAE9-BDA79820062B}"
EndProject
Project("{9A19103F-16F7-4668-BE54-9A1E7A4F7556}") = "113", "113\113.csproj", "{DD7A5B99-16BC-4937-889B-901BCE67D0FD}"
EndProject
Project("{9A19103F-16F7-4668-BE54-9A1E7A4F7556}") = "b28", "b28\b28.csproj", "{49708E7F-AB31-4D8D-B846-C13042F5BDF9}"
EndProject
Project("{9A19103F-16F7-4668-BE54-9A1E7A4F7556}") = "b29", "b29\b29.csproj", "{041B921C-6586-4D6C-88F8-0394DBE01524}"
EndProject
Project("{9A19103F-16F7-4668-BE54-9A1E7A4F7556}") = "b32", "b32\b32.csproj", "{20F6BCEE-BFE6-400E-ADE3-754A64473C90}"
EndProject
Project("{9A19103F-16F7-4668-BE54-9A1E7A4F7556}") = "b33", "b33\b33.csproj", "{0176BA9B-4CE3-4384-B239-E82C514477E0}"
EndProject
Project("{9A19103F-16F7-4668-BE54-9A1E7A4F7556}") = "b34", "b34\b34.csproj", "{E82BEBF9-2F1E-4AF9-A92F-051E3BEDCF63}"
EndProject
Project("{9A19103F-16F7-4668-BE54-9A1E7A4F7556}") = "126", "126\126.csproj", "{A74F7400-4F08-4004-8102-BEE9F0528B2C}"
EndProject
Project("{9A19103F-16F7-4668-BE54-9A1E7A4F7556}") = "127", "127\127.csproj", "{BDD47EFF-A615-4D5E-B9D1-F200687614E4}"
EndProject
Project("{9A19103F-16F7-4668-BE54-9A1E7A4F7556}") = "128", "128\128.csproj", "{BDC9FAEB-6848-4999-BE27-D920B60F28A8}"
EndProject
Project("{9A19103F-16F7-4668-BE54-9A1E7A4F7556}") = "129", "129\129.csproj", "{BD8AEE80-A70E-4FB9-9682-D3655FECC701}"
EndProject
Project("{9A19103F-16F7-4668-BE54-9A1E7A4F7556}") = "ConsoleApp1", "ConsoleApp1\ConsoleApp1.csproj", "{489107F1-7027-4EE5-81A9-779076F29C29}"
EndProject
Project("{9A19103F-16F7-4668-BE54-9A1E7A4F7556}") = "131", "131\131.csproj", "{290A93C7-97AD-4A14-8AEE-07B11961705A}"
EndProject
Project("{9A19103F-16F7-4668-BE54-9A1E7A4F7556}") = "132", "132\132.csproj", "{DED75D6C-6613-442A-B5B7-BE2A5D7B287C}"
EndProject
Project("{FAE04EC0-301F-11D3-BF4B-00C04F79EFBC}") = "133", "133\133.csproj", "{D537E82C-45BE-4272-A798-B52A6770EB2A}"
EndProject
Global
	GlobalSection(SolutionConfigurationPlatforms) = preSolution
		Debug|Any CPU = Debug|Any CPU
		Release|Any CPU = Release|Any CPU
	EndGlobalSection
	GlobalSection(ProjectConfigurationPlatforms) = postSolution
		{0616C4E3-71E3-4F2C-AF34-E2C8A7DA57B6}.Debug|Any CPU.ActiveCfg = Debug|Any CPU
		{0616C4E3-71E3-4F2C-AF34-E2C8A7DA57B6}.Debug|Any CPU.Build.0 = Debug|Any CPU
		{0616C4E3-71E3-4F2C-AF34-E2C8A7DA57B6}.Release|Any CPU.ActiveCfg = Release|Any CPU
		{0616C4E3-71E3-4F2C-AF34-E2C8A7DA57B6}.Release|Any CPU.Build.0 = Release|Any CPU
		{6C2E93DF-445C-4472-A80B-6384FA071C9F}.Debug|Any CPU.ActiveCfg = Debug|Any CPU
		{6C2E93DF-445C-4472-A80B-6384FA071C9F}.Debug|Any CPU.Build.0 = Debug|Any CPU
		{6C2E93DF-445C-4472-A80B-6384FA071C9F}.Release|Any CPU.ActiveCfg = Release|Any CPU
		{6C2E93DF-445C-4472-A80B-6384FA071C9F}.Release|Any CPU.Build.0 = Release|Any CPU
		{6DA67C3A-2E25-44B9-8C2D-EA3349DE8A10}.Debug|Any CPU.ActiveCfg = Debug|Any CPU
		{6DA67C3A-2E25-44B9-8C2D-EA3349DE8A10}.Debug|Any CPU.Build.0 = Debug|Any CPU
		{6DA67C3A-2E25-44B9-8C2D-EA3349DE8A10}.Release|Any CPU.ActiveCfg = Release|Any CPU
		{6DA67C3A-2E25-44B9-8C2D-EA3349DE8A10}.Release|Any CPU.Build.0 = Release|Any CPU
		{68517746-9E2F-47B0-BDFB-8CCC75890ECF}.Debug|Any CPU.ActiveCfg = Debug|Any CPU
		{68517746-9E2F-47B0-BDFB-8CCC75890ECF}.Debug|Any CPU.Build.0 = Debug|Any CPU
		{68517746-9E2F-47B0-BDFB-8CCC75890ECF}.Release|Any CPU.ActiveCfg = Release|Any CPU
		{68517746-9E2F-47B0-BDFB-8CCC75890ECF}.Release|Any CPU.Build.0 = Release|Any CPU
		{0A13F67E-76E6-4A53-A4D8-A354A25082BA}.Debug|Any CPU.ActiveCfg = Debug|Any CPU
		{0A13F67E-76E6-4A53-A4D8-A354A25082BA}.Debug|Any CPU.Build.0 = Debug|Any CPU
		{0A13F67E-76E6-4A53-A4D8-A354A25082BA}.Release|Any CPU.ActiveCfg = Release|Any CPU
		{0A13F67E-76E6-4A53-A4D8-A354A25082BA}.Release|Any CPU.Build.0 = Release|Any CPU
		{906CCABD-C25A-4375-896A-D9A0F82BFD2D}.Debug|Any CPU.ActiveCfg = Debug|Any CPU
		{906CCABD-C25A-4375-896A-D9A0F82BFD2D}.Debug|Any CPU.Build.0 = Debug|Any CPU
		{906CCABD-C25A-4375-896A-D9A0F82BFD2D}.Release|Any CPU.ActiveCfg = Release|Any CPU
		{906CCABD-C25A-4375-896A-D9A0F82BFD2D}.Release|Any CPU.Build.0 = Release|Any CPU
		{09675A58-FBC0-4070-BAD7-D0CB7BA2E911}.Debug|Any CPU.ActiveCfg = Debug|Any CPU
		{09675A58-FBC0-4070-BAD7-D0CB7BA2E911}.Debug|Any CPU.Build.0 = Debug|Any CPU
		{09675A58-FBC0-4070-BAD7-D0CB7BA2E911}.Release|Any CPU.ActiveCfg = Release|Any CPU
		{09675A58-FBC0-4070-BAD7-D0CB7BA2E911}.Release|Any CPU.Build.0 = Release|Any CPU
		{09140891-A857-4D48-AA51-FB07FA7CF2E8}.Debug|Any CPU.ActiveCfg = Debug|Any CPU
		{09140891-A857-4D48-AA51-FB07FA7CF2E8}.Debug|Any CPU.Build.0 = Debug|Any CPU
		{09140891-A857-4D48-AA51-FB07FA7CF2E8}.Release|Any CPU.ActiveCfg = Release|Any CPU
		{09140891-A857-4D48-AA51-FB07FA7CF2E8}.Release|Any CPU.Build.0 = Release|Any CPU
		{1A5B6183-1081-4E60-AE81-675AB4052DBF}.Debug|Any CPU.ActiveCfg = Debug|Any CPU
		{1A5B6183-1081-4E60-AE81-675AB4052DBF}.Debug|Any CPU.Build.0 = Debug|Any CPU
		{1A5B6183-1081-4E60-AE81-675AB4052DBF}.Release|Any CPU.ActiveCfg = Release|Any CPU
		{1A5B6183-1081-4E60-AE81-675AB4052DBF}.Release|Any CPU.Build.0 = Release|Any CPU
		{B0241B94-80F9-4B0C-87EF-D374F07AEFC1}.Debug|Any CPU.ActiveCfg = Debug|Any CPU
		{B0241B94-80F9-4B0C-87EF-D374F07AEFC1}.Debug|Any CPU.Build.0 = Debug|Any CPU
		{B0241B94-80F9-4B0C-87EF-D374F07AEFC1}.Release|Any CPU.ActiveCfg = Release|Any CPU
		{B0241B94-80F9-4B0C-87EF-D374F07AEFC1}.Release|Any CPU.Build.0 = Release|Any CPU
		{CBF79D74-8D2B-4171-A32E-E2314911470E}.Debug|Any CPU.ActiveCfg = Debug|Any CPU
		{CBF79D74-8D2B-4171-A32E-E2314911470E}.Debug|Any CPU.Build.0 = Debug|Any CPU
		{CBF79D74-8D2B-4171-A32E-E2314911470E}.Release|Any CPU.ActiveCfg = Release|Any CPU
		{CBF79D74-8D2B-4171-A32E-E2314911470E}.Release|Any CPU.Build.0 = Release|Any CPU
		{D9B048E1-B52F-48DE-86D4-61EC434F6F56}.Debug|Any CPU.ActiveCfg = Debug|Any CPU
		{D9B048E1-B52F-48DE-86D4-61EC434F6F56}.Debug|Any CPU.Build.0 = Debug|Any CPU
		{D9B048E1-B52F-48DE-86D4-61EC434F6F56}.Release|Any CPU.ActiveCfg = Release|Any CPU
		{D9B048E1-B52F-48DE-86D4-61EC434F6F56}.Release|Any CPU.Build.0 = Release|Any CPU
		{97896BF7-3223-44D2-9683-E487BC840AFB}.Debug|Any CPU.ActiveCfg = Debug|Any CPU
		{97896BF7-3223-44D2-9683-E487BC840AFB}.Debug|Any CPU.Build.0 = Debug|Any CPU
		{97896BF7-3223-44D2-9683-E487BC840AFB}.Release|Any CPU.ActiveCfg = Release|Any CPU
		{97896BF7-3223-44D2-9683-E487BC840AFB}.Release|Any CPU.Build.0 = Release|Any CPU
		{50838412-9378-49B6-8EFA-FE6BDE81A1DB}.Debug|Any CPU.ActiveCfg = Debug|Any CPU
		{50838412-9378-49B6-8EFA-FE6BDE81A1DB}.Debug|Any CPU.Build.0 = Debug|Any CPU
		{50838412-9378-49B6-8EFA-FE6BDE81A1DB}.Release|Any CPU.ActiveCfg = Release|Any CPU
		{50838412-9378-49B6-8EFA-FE6BDE81A1DB}.Release|Any CPU.Build.0 = Release|Any CPU
		{E92282CA-33EC-426A-A23B-D02621E35DA9}.Debug|Any CPU.ActiveCfg = Debug|Any CPU
		{E92282CA-33EC-426A-A23B-D02621E35DA9}.Debug|Any CPU.Build.0 = Debug|Any CPU
		{E92282CA-33EC-426A-A23B-D02621E35DA9}.Release|Any CPU.ActiveCfg = Release|Any CPU
		{E92282CA-33EC-426A-A23B-D02621E35DA9}.Release|Any CPU.Build.0 = Release|Any CPU
		{6A6A6C35-0900-45C4-A3E7-1A70FAAC4619}.Debug|Any CPU.ActiveCfg = Debug|Any CPU
		{6A6A6C35-0900-45C4-A3E7-1A70FAAC4619}.Debug|Any CPU.Build.0 = Debug|Any CPU
		{6A6A6C35-0900-45C4-A3E7-1A70FAAC4619}.Release|Any CPU.ActiveCfg = Release|Any CPU
		{6A6A6C35-0900-45C4-A3E7-1A70FAAC4619}.Release|Any CPU.Build.0 = Release|Any CPU
		{8258D8F6-E2E4-4049-B759-CCBAC4079EE8}.Debug|Any CPU.ActiveCfg = Debug|Any CPU
		{8258D8F6-E2E4-4049-B759-CCBAC4079EE8}.Debug|Any CPU.Build.0 = Debug|Any CPU
		{8258D8F6-E2E4-4049-B759-CCBAC4079EE8}.Release|Any CPU.ActiveCfg = Release|Any CPU
		{8258D8F6-E2E4-4049-B759-CCBAC4079EE8}.Release|Any CPU.Build.0 = Release|Any CPU
		{6B01188D-B815-4E9A-84FC-B64D05963542}.Debug|Any CPU.ActiveCfg = Debug|Any CPU
		{6B01188D-B815-4E9A-84FC-B64D05963542}.Debug|Any CPU.Build.0 = Debug|Any CPU
		{6B01188D-B815-4E9A-84FC-B64D05963542}.Release|Any CPU.ActiveCfg = Release|Any CPU
		{6B01188D-B815-4E9A-84FC-B64D05963542}.Release|Any CPU.Build.0 = Release|Any CPU
		{54228EC0-ACA5-4927-998A-21DE5F64C86D}.Debug|Any CPU.ActiveCfg = Debug|Any CPU
		{54228EC0-ACA5-4927-998A-21DE5F64C86D}.Debug|Any CPU.Build.0 = Debug|Any CPU
		{54228EC0-ACA5-4927-998A-21DE5F64C86D}.Release|Any CPU.ActiveCfg = Release|Any CPU
		{54228EC0-ACA5-4927-998A-21DE5F64C86D}.Release|Any CPU.Build.0 = Release|Any CPU
		{CB385485-39E1-4F83-B208-8F1CB0D63623}.Debug|Any CPU.ActiveCfg = Debug|Any CPU
		{CB385485-39E1-4F83-B208-8F1CB0D63623}.Debug|Any CPU.Build.0 = Debug|Any CPU
		{CB385485-39E1-4F83-B208-8F1CB0D63623}.Release|Any CPU.ActiveCfg = Release|Any CPU
		{CB385485-39E1-4F83-B208-8F1CB0D63623}.Release|Any CPU.Build.0 = Release|Any CPU
		{13E304F4-840C-4A71-ACD9-3E3EEC1F3DB5}.Debug|Any CPU.ActiveCfg = Debug|Any CPU
		{13E304F4-840C-4A71-ACD9-3E3EEC1F3DB5}.Debug|Any CPU.Build.0 = Debug|Any CPU
		{13E304F4-840C-4A71-ACD9-3E3EEC1F3DB5}.Release|Any CPU.ActiveCfg = Release|Any CPU
		{13E304F4-840C-4A71-ACD9-3E3EEC1F3DB5}.Release|Any CPU.Build.0 = Release|Any CPU
		{838E8D20-C9A8-4210-B971-4E782A05F578}.Debug|Any CPU.ActiveCfg = Debug|Any CPU
		{838E8D20-C9A8-4210-B971-4E782A05F578}.Debug|Any CPU.Build.0 = Debug|Any CPU
		{838E8D20-C9A8-4210-B971-4E782A05F578}.Release|Any CPU.ActiveCfg = Release|Any CPU
		{838E8D20-C9A8-4210-B971-4E782A05F578}.Release|Any CPU.Build.0 = Release|Any CPU
		{8528A74A-8AFB-4ADA-B00E-1457C16671A4}.Debug|Any CPU.ActiveCfg = Debug|Any CPU
		{8528A74A-8AFB-4ADA-B00E-1457C16671A4}.Debug|Any CPU.Build.0 = Debug|Any CPU
		{8528A74A-8AFB-4ADA-B00E-1457C16671A4}.Release|Any CPU.ActiveCfg = Release|Any CPU
		{8528A74A-8AFB-4ADA-B00E-1457C16671A4}.Release|Any CPU.Build.0 = Release|Any CPU
		{8A3C15E7-24D2-4B17-A2DD-0CE013326EBC}.Debug|Any CPU.ActiveCfg = Debug|Any CPU
		{8A3C15E7-24D2-4B17-A2DD-0CE013326EBC}.Debug|Any CPU.Build.0 = Debug|Any CPU
		{8A3C15E7-24D2-4B17-A2DD-0CE013326EBC}.Release|Any CPU.ActiveCfg = Release|Any CPU
		{8A3C15E7-24D2-4B17-A2DD-0CE013326EBC}.Release|Any CPU.Build.0 = Release|Any CPU
		{F99186F3-FD66-40E8-9785-E818702E185B}.Debug|Any CPU.ActiveCfg = Debug|Any CPU
		{F99186F3-FD66-40E8-9785-E818702E185B}.Debug|Any CPU.Build.0 = Debug|Any CPU
		{F99186F3-FD66-40E8-9785-E818702E185B}.Release|Any CPU.ActiveCfg = Release|Any CPU
		{F99186F3-FD66-40E8-9785-E818702E185B}.Release|Any CPU.Build.0 = Release|Any CPU
		{E799656E-9F7F-4EE7-994B-3BC961E36B9B}.Debug|Any CPU.ActiveCfg = Debug|Any CPU
		{E799656E-9F7F-4EE7-994B-3BC961E36B9B}.Debug|Any CPU.Build.0 = Debug|Any CPU
		{E799656E-9F7F-4EE7-994B-3BC961E36B9B}.Release|Any CPU.ActiveCfg = Release|Any CPU
		{E799656E-9F7F-4EE7-994B-3BC961E36B9B}.Release|Any CPU.Build.0 = Release|Any CPU
		{1F9F4B5E-692F-4881-B199-EA3259207B98}.Debug|Any CPU.ActiveCfg = Debug|Any CPU
		{1F9F4B5E-692F-4881-B199-EA3259207B98}.Debug|Any CPU.Build.0 = Debug|Any CPU
		{1F9F4B5E-692F-4881-B199-EA3259207B98}.Release|Any CPU.ActiveCfg = Release|Any CPU
		{1F9F4B5E-692F-4881-B199-EA3259207B98}.Release|Any CPU.Build.0 = Release|Any CPU
		{54144C47-6C25-4D86-8477-34563AA4762B}.Debug|Any CPU.ActiveCfg = Debug|Any CPU
		{54144C47-6C25-4D86-8477-34563AA4762B}.Debug|Any CPU.Build.0 = Debug|Any CPU
		{54144C47-6C25-4D86-8477-34563AA4762B}.Release|Any CPU.ActiveCfg = Release|Any CPU
		{54144C47-6C25-4D86-8477-34563AA4762B}.Release|Any CPU.Build.0 = Release|Any CPU
		{934DBC94-D0FA-457C-A0E3-C8B4668CE253}.Debug|Any CPU.ActiveCfg = Debug|Any CPU
		{934DBC94-D0FA-457C-A0E3-C8B4668CE253}.Debug|Any CPU.Build.0 = Debug|Any CPU
		{934DBC94-D0FA-457C-A0E3-C8B4668CE253}.Release|Any CPU.ActiveCfg = Release|Any CPU
		{934DBC94-D0FA-457C-A0E3-C8B4668CE253}.Release|Any CPU.Build.0 = Release|Any CPU
		{EF17EE99-65E7-4B7B-9598-69259395BEEA}.Debug|Any CPU.ActiveCfg = Debug|Any CPU
		{EF17EE99-65E7-4B7B-9598-69259395BEEA}.Debug|Any CPU.Build.0 = Debug|Any CPU
		{EF17EE99-65E7-4B7B-9598-69259395BEEA}.Release|Any CPU.ActiveCfg = Release|Any CPU
		{EF17EE99-65E7-4B7B-9598-69259395BEEA}.Release|Any CPU.Build.0 = Release|Any CPU
		{B29254DA-B3C4-49D1-BA37-D7455EBE0DAE}.Debug|Any CPU.ActiveCfg = Debug|Any CPU
		{B29254DA-B3C4-49D1-BA37-D7455EBE0DAE}.Debug|Any CPU.Build.0 = Debug|Any CPU
		{B29254DA-B3C4-49D1-BA37-D7455EBE0DAE}.Release|Any CPU.ActiveCfg = Release|Any CPU
		{B29254DA-B3C4-49D1-BA37-D7455EBE0DAE}.Release|Any CPU.Build.0 = Release|Any CPU
		{D5D7AA8F-2710-4F33-AAE9-BDA79820062B}.Debug|Any CPU.ActiveCfg = Debug|Any CPU
		{D5D7AA8F-2710-4F33-AAE9-BDA79820062B}.Debug|Any CPU.Build.0 = Debug|Any CPU
		{D5D7AA8F-2710-4F33-AAE9-BDA79820062B}.Release|Any CPU.ActiveCfg = Release|Any CPU
		{D5D7AA8F-2710-4F33-AAE9-BDA79820062B}.Release|Any CPU.Build.0 = Release|Any CPU
		{DD7A5B99-16BC-4937-889B-901BCE67D0FD}.Debug|Any CPU.ActiveCfg = Debug|Any CPU
		{DD7A5B99-16BC-4937-889B-901BCE67D0FD}.Debug|Any CPU.Build.0 = Debug|Any CPU
		{DD7A5B99-16BC-4937-889B-901BCE67D0FD}.Release|Any CPU.ActiveCfg = Release|Any CPU
		{DD7A5B99-16BC-4937-889B-901BCE67D0FD}.Release|Any CPU.Build.0 = Release|Any CPU
		{49708E7F-AB31-4D8D-B846-C13042F5BDF9}.Debug|Any CPU.ActiveCfg = Debug|Any CPU
		{49708E7F-AB31-4D8D-B846-C13042F5BDF9}.Debug|Any CPU.Build.0 = Debug|Any CPU
		{49708E7F-AB31-4D8D-B846-C13042F5BDF9}.Release|Any CPU.ActiveCfg = Release|Any CPU
		{49708E7F-AB31-4D8D-B846-C13042F5BDF9}.Release|Any CPU.Build.0 = Release|Any CPU
		{041B921C-6586-4D6C-88F8-0394DBE01524}.Debug|Any CPU.ActiveCfg = Debug|Any CPU
		{041B921C-6586-4D6C-88F8-0394DBE01524}.Debug|Any CPU.Build.0 = Debug|Any CPU
		{041B921C-6586-4D6C-88F8-0394DBE01524}.Release|Any CPU.ActiveCfg = Release|Any CPU
		{041B921C-6586-4D6C-88F8-0394DBE01524}.Release|Any CPU.Build.0 = Release|Any CPU
		{20F6BCEE-BFE6-400E-ADE3-754A64473C90}.Debug|Any CPU.ActiveCfg = Debug|Any CPU
		{20F6BCEE-BFE6-400E-ADE3-754A64473C90}.Debug|Any CPU.Build.0 = Debug|Any CPU
		{20F6BCEE-BFE6-400E-ADE3-754A64473C90}.Release|Any CPU.ActiveCfg = Release|Any CPU
		{20F6BCEE-BFE6-400E-ADE3-754A64473C90}.Release|Any CPU.Build.0 = Release|Any CPU
		{0176BA9B-4CE3-4384-B239-E82C514477E0}.Debug|Any CPU.ActiveCfg = Debug|Any CPU
		{0176BA9B-4CE3-4384-B239-E82C514477E0}.Debug|Any CPU.Build.0 = Debug|Any CPU
		{0176BA9B-4CE3-4384-B239-E82C514477E0}.Release|Any CPU.ActiveCfg = Release|Any CPU
		{0176BA9B-4CE3-4384-B239-E82C514477E0}.Release|Any CPU.Build.0 = Release|Any CPU
		{E82BEBF9-2F1E-4AF9-A92F-051E3BEDCF63}.Debug|Any CPU.ActiveCfg = Debug|Any CPU
		{E82BEBF9-2F1E-4AF9-A92F-051E3BEDCF63}.Debug|Any CPU.Build.0 = Debug|Any CPU
		{E82BEBF9-2F1E-4AF9-A92F-051E3BEDCF63}.Release|Any CPU.ActiveCfg = Release|Any CPU
		{E82BEBF9-2F1E-4AF9-A92F-051E3BEDCF63}.Release|Any CPU.Build.0 = Release|Any CPU
		{A74F7400-4F08-4004-8102-BEE9F0528B2C}.Debug|Any CPU.ActiveCfg = Debug|Any CPU
		{A74F7400-4F08-4004-8102-BEE9F0528B2C}.Debug|Any CPU.Build.0 = Debug|Any CPU
		{A74F7400-4F08-4004-8102-BEE9F0528B2C}.Release|Any CPU.ActiveCfg = Release|Any CPU
		{A74F7400-4F08-4004-8102-BEE9F0528B2C}.Release|Any CPU.Build.0 = Release|Any CPU
		{BDD47EFF-A615-4D5E-B9D1-F200687614E4}.Debug|Any CPU.ActiveCfg = Debug|Any CPU
		{BDD47EFF-A615-4D5E-B9D1-F200687614E4}.Debug|Any CPU.Build.0 = Debug|Any CPU
		{BDD47EFF-A615-4D5E-B9D1-F200687614E4}.Release|Any CPU.ActiveCfg = Release|Any CPU
		{BDD47EFF-A615-4D5E-B9D1-F200687614E4}.Release|Any CPU.Build.0 = Release|Any CPU
		{BDC9FAEB-6848-4999-BE27-D920B60F28A8}.Debug|Any CPU.ActiveCfg = Debug|Any CPU
		{BDC9FAEB-6848-4999-BE27-D920B60F28A8}.Debug|Any CPU.Build.0 = Debug|Any CPU
		{BDC9FAEB-6848-4999-BE27-D920B60F28A8}.Release|Any CPU.ActiveCfg = Release|Any CPU
		{BDC9FAEB-6848-4999-BE27-D920B60F28A8}.Release|Any CPU.Build.0 = Release|Any CPU
		{BD8AEE80-A70E-4FB9-9682-D3655FECC701}.Debug|Any CPU.ActiveCfg = Debug|Any CPU
		{BD8AEE80-A70E-4FB9-9682-D3655FECC701}.Debug|Any CPU.Build.0 = Debug|Any CPU
		{BD8AEE80-A70E-4FB9-9682-D3655FECC701}.Release|Any CPU.ActiveCfg = Release|Any CPU
		{BD8AEE80-A70E-4FB9-9682-D3655FECC701}.Release|Any CPU.Build.0 = Release|Any CPU
		{489107F1-7027-4EE5-81A9-779076F29C29}.Debug|Any CPU.ActiveCfg = Debug|Any CPU
		{489107F1-7027-4EE5-81A9-779076F29C29}.Debug|Any CPU.Build.0 = Debug|Any CPU
		{489107F1-7027-4EE5-81A9-779076F29C29}.Release|Any CPU.ActiveCfg = Release|Any CPU
		{489107F1-7027-4EE5-81A9-779076F29C29}.Release|Any CPU.Build.0 = Release|Any CPU
		{290A93C7-97AD-4A14-8AEE-07B11961705A}.Debug|Any CPU.ActiveCfg = Debug|Any CPU
		{290A93C7-97AD-4A14-8AEE-07B11961705A}.Debug|Any CPU.Build.0 = Debug|Any CPU
		{290A93C7-97AD-4A14-8AEE-07B11961705A}.Release|Any CPU.ActiveCfg = Release|Any CPU
		{290A93C7-97AD-4A14-8AEE-07B11961705A}.Release|Any CPU.Build.0 = Release|Any CPU
		{DED75D6C-6613-442A-B5B7-BE2A5D7B287C}.Debug|Any CPU.ActiveCfg = Debug|Any CPU
		{DED75D6C-6613-442A-B5B7-BE2A5D7B287C}.Debug|Any CPU.Build.0 = Debug|Any CPU
		{DED75D6C-6613-442A-B5B7-BE2A5D7B287C}.Release|Any CPU.ActiveCfg = Release|Any CPU
		{DED75D6C-6613-442A-B5B7-BE2A5D7B287C}.Release|Any CPU.Build.0 = Release|Any CPU
		{D537E82C-45BE-4272-A798-B52A6770EB2A}.Debug|Any CPU.ActiveCfg = Debug|Any CPU
		{D537E82C-45BE-4272-A798-B52A6770EB2A}.Debug|Any CPU.Build.0 = Debug|Any CPU
		{D537E82C-45BE-4272-A798-B52A6770EB2A}.Release|Any CPU.ActiveCfg = Release|Any CPU
		{D537E82C-45BE-4272-A798-B52A6770EB2A}.Release|Any CPU.Build.0 = Release|Any CPU
	EndGlobalSection
	GlobalSection(SolutionProperties) = preSolution
		HideSolutionNode = FALSE
	EndGlobalSection
	GlobalSection(ExtensibilityGlobals) = postSolution
		SolutionGuid = {96E49280-121A-49E4-B4CF-059677BAADA5}
	EndGlobalSection
EndGlobal
